
Microsoft Visual Studio Solution File, Format Version 12.00
Project("{2150E333-8FDC-42A3-9474-1A3956D46DE8}") = "00. solution items", "00. solution items", "{0B4EF9D3-AB65-457B-96AF-98B64D0F2657}"
	ProjectSection(SolutionItems) = preProject
		.gitignore = .gitignore
		README.md = README.md
		Directory.Build.props = Directory.Build.props
		Directory.Packages.props = Directory.Packages.props
	EndProjectSection
EndProject
Project("{2150E333-8FDC-42A3-9474-1A3956D46DE8}") = "Inputs", "Inputs", "{3778FA47-EEFC-45D9-BED2-9E19621C1132}"
EndProject
Project("{2150E333-8FDC-42A3-9474-1A3956D46DE8}") = "src", "src", "{E526CA28-1F84-4B50-AFF1-536241747703}"
EndProject
Project("{2150E333-8FDC-42A3-9474-1A3956D46DE8}") = "tests", "tests", "{D8F1AB92-60BF-4C76-9CBB-0CF803CC3BD2}"
EndProject
Project("{FAE04EC0-301F-11D3-BF4B-00C04F79EFBC}") = "AoC.Runner", "src\AoC.Runner\AoC.Runner.csproj", "{D68486C4-43A5-461B-A5F9-82771C2F08BF}"
EndProject
Project("{2150E333-8FDC-42A3-9474-1A3956D46DE8}") = "Solutions", "Solutions", "{55E80B5D-656C-4932-92B0-600D0CAD7320}"
EndProject
Project("{2150E333-8FDC-42A3-9474-1A3956D46DE8}") = "2025", "2025", "{AB09FDD1-37E4-4BC5-A9F6-46286E1F946A}"
	ProjectSection(SolutionItems) = preProject
		inputs\2025\day01.txt = inputs\2025\day01.txt
	EndProjectSection
EndProject
Project("{2150E333-8FDC-42A3-9474-1A3956D46DE8}") = "Solutions", "Solutions", "{5B2035F8-186D-4BEB-B541-FDDD82659D79}"
EndProject
Project("{FAE04EC0-301F-11D3-BF4B-00C04F79EFBC}") = "AoC.2025.Tests", "tests\Solutions\AoC.2025.Tests\AoC.2025.Tests.csproj", "{514C83B1-AC65-40B5-8928-CD6E7C5E34AD}"
EndProject
Project("{FAE04EC0-301F-11D3-BF4B-00C04F79EFBC}") = "AoC.Common", "src\AoC.Common\AoC.Common.csproj", "{5B265CD3-EEE1-4421-8BBE-5359675FDF6D}"
EndProject
Project("{FAE04EC0-301F-11D3-BF4B-00C04F79EFBC}") = "AoC.2025", "src\Solutions\AoC.2025\AoC.2025.csproj", "{33FC830F-4632-489D-86AC-544389CE132A}"
EndProject
Global
	GlobalSection(SolutionConfigurationPlatforms) = preSolution
		Debug|Any CPU = Debug|Any CPU
		Release|Any CPU = Release|Any CPU
	EndGlobalSection
	GlobalSection(NestedProjects) = preSolution
		{D68486C4-43A5-461B-A5F9-82771C2F08BF} = {E526CA28-1F84-4B50-AFF1-536241747703}
		{55E80B5D-656C-4932-92B0-600D0CAD7320} = {E526CA28-1F84-4B50-AFF1-536241747703}
		{AB09FDD1-37E4-4BC5-A9F6-46286E1F946A} = {3778FA47-EEFC-45D9-BED2-9E19621C1132}
		{5B2035F8-186D-4BEB-B541-FDDD82659D79} = {D8F1AB92-60BF-4C76-9CBB-0CF803CC3BD2}
		{514C83B1-AC65-40B5-8928-CD6E7C5E34AD} = {5B2035F8-186D-4BEB-B541-FDDD82659D79}
		{5B265CD3-EEE1-4421-8BBE-5359675FDF6D} = {E526CA28-1F84-4B50-AFF1-536241747703}
		{33FC830F-4632-489D-86AC-544389CE132A} = {55E80B5D-656C-4932-92B0-600D0CAD7320}
	EndGlobalSection
	GlobalSection(ProjectConfigurationPlatforms) = postSolution
		{D68486C4-43A5-461B-A5F9-82771C2F08BF}.Debug|Any CPU.ActiveCfg = Debug|Any CPU
		{D68486C4-43A5-461B-A5F9-82771C2F08BF}.Debug|Any CPU.Build.0 = Debug|Any CPU
		{D68486C4-43A5-461B-A5F9-82771C2F08BF}.Release|Any CPU.ActiveCfg = Release|Any CPU
		{D68486C4-43A5-461B-A5F9-82771C2F08BF}.Release|Any CPU.Build.0 = Release|Any CPU
		{514C83B1-AC65-40B5-8928-CD6E7C5E34AD}.Debug|Any CPU.ActiveCfg = Debug|Any CPU
		{514C83B1-AC65-40B5-8928-CD6E7C5E34AD}.Debug|Any CPU.Build.0 = Debug|Any CPU
		{514C83B1-AC65-40B5-8928-CD6E7C5E34AD}.Release|Any CPU.ActiveCfg = Release|Any CPU
		{514C83B1-AC65-40B5-8928-CD6E7C5E34AD}.Release|Any CPU.Build.0 = Release|Any CPU
		{5B265CD3-EEE1-4421-8BBE-5359675FDF6D}.Debug|Any CPU.ActiveCfg = Debug|Any CPU
		{5B265CD3-EEE1-4421-8BBE-5359675FDF6D}.Debug|Any CPU.Build.0 = Debug|Any CPU
		{5B265CD3-EEE1-4421-8BBE-5359675FDF6D}.Release|Any CPU.ActiveCfg = Release|Any CPU
		{5B265CD3-EEE1-4421-8BBE-5359675FDF6D}.Release|Any CPU.Build.0 = Release|Any CPU
		{33FC830F-4632-489D-86AC-544389CE132A}.Debug|Any CPU.ActiveCfg = Debug|Any CPU
		{33FC830F-4632-489D-86AC-544389CE132A}.Debug|Any CPU.Build.0 = Debug|Any CPU
		{33FC830F-4632-489D-86AC-544389CE132A}.Release|Any CPU.ActiveCfg = Release|Any CPU
		{33FC830F-4632-489D-86AC-544389CE132A}.Release|Any CPU.Build.0 = Release|Any CPU
	EndGlobalSection
EndGlobal
